
Microsoft Visual Studio Solution File, Format Version 12.00
# Visual Studio Version 17
VisualStudioVersion = 17.3.32901.215
MinimumVisualStudioVersion = 10.0.40219.1
Project("{FAE04EC0-301F-11D3-BF4B-00C04F79EFBC}") = "Naslijeđivanje1", "Naslijeđivanje1\Naslijeđivanje1.csproj", "{6ABCF71C-7718-4196-8B40-7F4E4BCBA49E}"
EndProject
Global
	GlobalSection(SolutionConfigurationPlatforms) = preSolution
		Debug|Any CPU = Debug|Any CPU
		Release|Any CPU = Release|Any CPU
	EndGlobalSection
	GlobalSection(ProjectConfigurationPlatforms) = postSolution
		{6ABCF71C-7718-4196-8B40-7F4E4BCBA49E}.Debug|Any CPU.ActiveCfg = Debug|Any CPU
		{6ABCF71C-7718-4196-8B40-7F4E4BCBA49E}.Debug|Any CPU.Build.0 = Debug|Any CPU
		{6ABCF71C-7718-4196-8B40-7F4E4BCBA49E}.Release|Any CPU.ActiveCfg = Release|Any CPU
		{6ABCF71C-7718-4196-8B40-7F4E4BCBA49E}.Release|Any CPU.Build.0 = Release|Any CPU
	EndGlobalSection
	GlobalSection(SolutionProperties) = preSolution
		HideSolutionNode = FALSE
	EndGlobalSection
	GlobalSection(ExtensibilityGlobals) = postSolution
		SolutionGuid = {5612075D-D7DB-4B9F-9AAE-EFA838A62689}
	EndGlobalSection
EndGlobal
